
Microsoft Visual Studio Solution File, Format Version 12.00
# Visual Studio Version 16
VisualStudioVersion = 16.0.32929.386
MinimumVisualStudioVersion = 10.0.40219.1
Project("{9A19103F-16F7-4668-BE54-9A1E7A4F7556}") = "ZCaixaV5", "ZCaixaV5\ZCaixaV5.csproj", "{59497A20-60F0-403C-B9DE-8CEDD7D29235}"
EndProject
Global
	GlobalSection(SolutionConfigurationPlatforms) = preSolution
		Debug|Any CPU = Debug|Any CPU
		Release|Any CPU = Release|Any CPU
	EndGlobalSection
	GlobalSection(ProjectConfigurationPlatforms) = postSolution
		{59497A20-60F0-403C-B9DE-8CEDD7D29235}.Debug|Any CPU.ActiveCfg = Debug|Any CPU
		{59497A20-60F0-403C-B9DE-8CEDD7D29235}.Debug|Any CPU.Build.0 = Debug|Any CPU
		{59497A20-60F0-403C-B9DE-8CEDD7D29235}.Release|Any CPU.ActiveCfg = Release|Any CPU
		{59497A20-60F0-403C-B9DE-8CEDD7D29235}.Release|Any CPU.Build.0 = Release|Any CPU
	EndGlobalSection
	GlobalSection(SolutionProperties) = preSolution
		HideSolutionNode = FALSE
	EndGlobalSection
	GlobalSection(ExtensibilityGlobals) = postSolution
		SolutionGuid = {E12667C8-E05F-47A0-A26C-6B8789FFD117}
	EndGlobalSection
EndGlobal
